
Microsoft Visual Studio Solution File, Format Version 12.00
# Visual Studio Version 16
VisualStudioVersion = 16.0.32002.261
MinimumVisualStudioVersion = 10.0.40219.1
Project("{FAE04EC0-301F-11D3-BF4B-00C04F79EFBC}") = "PigLatin", "PigLatin\PigLatin.csproj", "{44A276BD-A768-4EBF-924D-3712C46BD2FC}"
EndProject
Project("{FAE04EC0-301F-11D3-BF4B-00C04F79EFBC}") = "ShiftCypher", "ShiftCypher\ShiftCypher.csproj", "{54FD1402-48E0-4DD3-8283-707625FD2D4C}"
EndProject
Global
	GlobalSection(SolutionConfigurationPlatforms) = preSolution
		Debug|Any CPU = Debug|Any CPU
		Release|Any CPU = Release|Any CPU
	EndGlobalSection
	GlobalSection(ProjectConfigurationPlatforms) = postSolution
		{44A276BD-A768-4EBF-924D-3712C46BD2FC}.Debug|Any CPU.ActiveCfg = Debug|Any CPU
		{44A276BD-A768-4EBF-924D-3712C46BD2FC}.Debug|Any CPU.Build.0 = Debug|Any CPU
		{44A276BD-A768-4EBF-924D-3712C46BD2FC}.Release|Any CPU.ActiveCfg = Release|Any CPU
		{44A276BD-A768-4EBF-924D-3712C46BD2FC}.Release|Any CPU.Build.0 = Release|Any CPU
		{54FD1402-48E0-4DD3-8283-707625FD2D4C}.Debug|Any CPU.ActiveCfg = Debug|Any CPU
		{54FD1402-48E0-4DD3-8283-707625FD2D4C}.Debug|Any CPU.Build.0 = Debug|Any CPU
		{54FD1402-48E0-4DD3-8283-707625FD2D4C}.Release|Any CPU.ActiveCfg = Release|Any CPU
		{54FD1402-48E0-4DD3-8283-707625FD2D4C}.Release|Any CPU.Build.0 = Release|Any CPU
	EndGlobalSection
	GlobalSection(SolutionProperties) = preSolution
		HideSolutionNode = FALSE
	EndGlobalSection
	GlobalSection(ExtensibilityGlobals) = postSolution
		SolutionGuid = {7DB86813-BA94-47FA-9668-F07A4E87BA51}
	EndGlobalSection
EndGlobal
